
Microsoft Visual Studio Solution File, Format Version 12.00
# Visual Studio Version 16
VisualStudioVersion = 16.0.31702.278
MinimumVisualStudioVersion = 10.0.40219.1
Project("{FAE04EC0-301F-11D3-BF4B-00C04F79EFBC}") = "lab1", "lab1\lab1.csproj", "{9DD9191B-9C23-48A7-BD42-BF6C77138F9B}"
EndProject
Global
	GlobalSection(SolutionConfigurationPlatforms) = preSolution
		Debug|Any CPU = Debug|Any CPU
		Release|Any CPU = Release|Any CPU
	EndGlobalSection
	GlobalSection(ProjectConfigurationPlatforms) = postSolution
		{9DD9191B-9C23-48A7-BD42-BF6C77138F9B}.Debug|Any CPU.ActiveCfg = Debug|Any CPU
		{9DD9191B-9C23-48A7-BD42-BF6C77138F9B}.Debug|Any CPU.Build.0 = Debug|Any CPU
		{9DD9191B-9C23-48A7-BD42-BF6C77138F9B}.Release|Any CPU.ActiveCfg = Release|Any CPU
		{9DD9191B-9C23-48A7-BD42-BF6C77138F9B}.Release|Any CPU.Build.0 = Release|Any CPU
	EndGlobalSection
	GlobalSection(SolutionProperties) = preSolution
		HideSolutionNode = FALSE
	EndGlobalSection
	GlobalSection(ExtensibilityGlobals) = postSolution
		SolutionGuid = {ABECBFB1-E435-4CE5-B2EF-7D332B5A0418}
	EndGlobalSection
EndGlobal
