
Microsoft Visual Studio Solution File, Format Version 12.00
# Visual Studio Version 16
VisualStudioVersion = 16.0.32002.261
MinimumVisualStudioVersion = 10.0.40219.1
Project("{9A19103F-16F7-4668-BE54-9A1E7A4F7556}") = "task3", "lab4\task3.csproj", "{22AD8A11-BAE8-4C3E-9C29-066B48D0C3D6}"
EndProject
Project("{FAE04EC0-301F-11D3-BF4B-00C04F79EFBC}") = "task4", "task4\task4.csproj", "{4A8FD185-620F-41F1-999B-270438EC2163}"
EndProject
Global
	GlobalSection(SolutionConfigurationPlatforms) = preSolution
		Debug|Any CPU = Debug|Any CPU
		Release|Any CPU = Release|Any CPU
	EndGlobalSection
	GlobalSection(ProjectConfigurationPlatforms) = postSolution
		{22AD8A11-BAE8-4C3E-9C29-066B48D0C3D6}.Debug|Any CPU.ActiveCfg = Debug|Any CPU
		{22AD8A11-BAE8-4C3E-9C29-066B48D0C3D6}.Debug|Any CPU.Build.0 = Debug|Any CPU
		{22AD8A11-BAE8-4C3E-9C29-066B48D0C3D6}.Release|Any CPU.ActiveCfg = Release|Any CPU
		{22AD8A11-BAE8-4C3E-9C29-066B48D0C3D6}.Release|Any CPU.Build.0 = Release|Any CPU
		{4A8FD185-620F-41F1-999B-270438EC2163}.Debug|Any CPU.ActiveCfg = Debug|Any CPU
		{4A8FD185-620F-41F1-999B-270438EC2163}.Debug|Any CPU.Build.0 = Debug|Any CPU
		{4A8FD185-620F-41F1-999B-270438EC2163}.Release|Any CPU.ActiveCfg = Release|Any CPU
		{4A8FD185-620F-41F1-999B-270438EC2163}.Release|Any CPU.Build.0 = Release|Any CPU
	EndGlobalSection
	GlobalSection(SolutionProperties) = preSolution
		HideSolutionNode = FALSE
	EndGlobalSection
	GlobalSection(ExtensibilityGlobals) = postSolution
		SolutionGuid = {DD3EA0A2-1E31-4A64-B0F5-E73C0A689424}
	EndGlobalSection
EndGlobal
